
Microsoft Visual Studio Solution File, Format Version 12.00
# Visual Studio 2012
Project("{FAE04EC0-301F-11D3-BF4B-00C04F79EFBC}") = "Change Maker", "Change Maker\Change Maker.csproj", "{924C922B-A75A-4764-B792-CB4DCA0C8B62}"
EndProject
Global
	GlobalSection(SolutionConfigurationPlatforms) = preSolution
		Debug|Any CPU = Debug|Any CPU
		Release|Any CPU = Release|Any CPU
	EndGlobalSection
	GlobalSection(ProjectConfigurationPlatforms) = postSolution
		{924C922B-A75A-4764-B792-CB4DCA0C8B62}.Debug|Any CPU.ActiveCfg = Debug|Any CPU
		{924C922B-A75A-4764-B792-CB4DCA0C8B62}.Debug|Any CPU.Build.0 = Debug|Any CPU
		{924C922B-A75A-4764-B792-CB4DCA0C8B62}.Release|Any CPU.ActiveCfg = Release|Any CPU
		{924C922B-A75A-4764-B792-CB4DCA0C8B62}.Release|Any CPU.Build.0 = Release|Any CPU
	EndGlobalSection
	GlobalSection(SolutionProperties) = preSolution
		HideSolutionNode = FALSE
	EndGlobalSection
EndGlobal
